// !$*UTF8*$!
{
	archiveVersion = 1;
	classes = {
	};
	objectVersion = 56;
	objects = {

/* Begin PBXBuildFile section */
		058403752982935E002272B1 /* SignServices.swift in Sources */ = {isa = PBXBuildFile; fileRef = 058403742982935E002272B1 /* SignServices.swift */; };
		0584037729829379002272B1 /* SignInRequest.swift in Sources */ = {isa = PBXBuildFile; fileRef = 0584037629829379002272B1 /* SignInRequest.swift */; };
		0584037929829387002272B1 /* SignUpRequest.swift in Sources */ = {isa = PBXBuildFile; fileRef = 0584037829829387002272B1 /* SignUpRequest.swift */; };
		0584037C298293B1002272B1 /* RealmService.swift in Sources */ = {isa = PBXBuildFile; fileRef = 0584037B298293B1002272B1 /* RealmService.swift */; };
		0584037E298293C6002272B1 /* Token.swift in Sources */ = {isa = PBXBuildFile; fileRef = 0584037D298293C6002272B1 /* Token.swift */; };
		05840380298293D8002272B1 /* Profile.swift in Sources */ = {isa = PBXBuildFile; fileRef = 0584037F298293D8002272B1 /* Profile.swift */; };
		05840382298293E8002272B1 /* CustomNotification.swift in Sources */ = {isa = PBXBuildFile; fileRef = 05840381298293E8002272B1 /* CustomNotification.swift */; };
		05840385298294BF002272B1 /* Realm in Frameworks */ = {isa = PBXBuildFile; productRef = 05840384298294BF002272B1 /* Realm */; };
		05840387298294BF002272B1 /* RealmSwift in Frameworks */ = {isa = PBXBuildFile; productRef = 05840386298294BF002272B1 /* RealmSwift */; };
		0584038A298296DE002272B1 /* SignUpModel.swift in Sources */ = {isa = PBXBuildFile; fileRef = 05840389298296DE002272B1 /* SignUpModel.swift */; };
		0584038C298296F4002272B1 /* SignInModel.swift in Sources */ = {isa = PBXBuildFile; fileRef = 0584038B298296F4002272B1 /* SignInModel.swift */; };
		0584038F298525A8002272B1 /* ChangeInfoRequest.swift in Sources */ = {isa = PBXBuildFile; fileRef = 0584038E298525A8002272B1 /* ChangeInfoRequest.swift */; };
		0584039129853CD5002272B1 /* ChangeInfoModel.swift in Sources */ = {isa = PBXBuildFile; fileRef = 0584039029853CD5002272B1 /* ChangeInfoModel.swift */; };
		0584039329854A8C002272B1 /* AddBottomImageRequest.swift in Sources */ = {isa = PBXBuildFile; fileRef = 0584039229854A8C002272B1 /* AddBottomImageRequest.swift */; };
		0584039529854BA3002272B1 /* AddBottomImageModel.swift in Sources */ = {isa = PBXBuildFile; fileRef = 0584039429854BA3002272B1 /* AddBottomImageModel.swift */; };
		05840397298550E4002272B1 /* EditProfileServices.swift in Sources */ = {isa = PBXBuildFile; fileRef = 05840396298550E4002272B1 /* EditProfileServices.swift */; };
		0584039929857F15002272B1 /* ChangeProfileRequest.swift in Sources */ = {isa = PBXBuildFile; fileRef = 0584039829857F15002272B1 /* ChangeProfileRequest.swift */; };
		0584039B29857F7F002272B1 /* ChangeProfileModel.swift in Sources */ = {isa = PBXBuildFile; fileRef = 0584039A29857F7F002272B1 /* ChangeProfileModel.swift */; };
		0584039D29858033002272B1 /* ChangeBackgroundRequest.swift in Sources */ = {isa = PBXBuildFile; fileRef = 0584039C29858033002272B1 /* ChangeBackgroundRequest.swift */; };
		0584039F2985805B002272B1 /* ChangeBackgroundModel.swift in Sources */ = {isa = PBXBuildFile; fileRef = 0584039E2985805B002272B1 /* ChangeBackgroundModel.swift */; };
		058403A529858937002272B1 /* MyPageModel.swift in Sources */ = {isa = PBXBuildFile; fileRef = 058403A429858937002272B1 /* MyPageModel.swift */; };
		058403A729858AA9002272B1 /* NoticeModel.swift in Sources */ = {isa = PBXBuildFile; fileRef = 058403A629858AA9002272B1 /* NoticeModel.swift */; };
		058403A929858B07002272B1 /* PolicyModel.swift in Sources */ = {isa = PBXBuildFile; fileRef = 058403A829858B07002272B1 /* PolicyModel.swift */; };
		058403AB29858B3A002272B1 /* MyPageServices.swift in Sources */ = {isa = PBXBuildFile; fileRef = 058403AA29858B3A002272B1 /* MyPageServices.swift */; };
		058403AD2986CB27002272B1 /* String+.swift in Sources */ = {isa = PBXBuildFile; fileRef = 058403AC2986CB27002272B1 /* String+.swift */; };
		058403AF2986CB84002272B1 /* UIImage+.swift in Sources */ = {isa = PBXBuildFile; fileRef = 058403AE2986CB84002272B1 /* UIImage+.swift */; };
		058403B12986CCBB002272B1 /* MyMatchingModel.swift in Sources */ = {isa = PBXBuildFile; fileRef = 058403B02986CCBB002272B1 /* MyMatchingModel.swift */; };
		058403B32986E73F002272B1 /* GetTrainerInfoModel.swift in Sources */ = {isa = PBXBuildFile; fileRef = 058403B22986E73F002272B1 /* GetTrainerInfoModel.swift */; };
		058403B52986F21F002272B1 /* patchLocationModel.swift in Sources */ = {isa = PBXBuildFile; fileRef = 058403B42986F21F002272B1 /* patchLocationModel.swift */; };
		058403B72987AB9A002272B1 /* TrainerServices.swift in Sources */ = {isa = PBXBuildFile; fileRef = 058403B62987AB9A002272B1 /* TrainerServices.swift */; };
		058403B929882E16002272B1 /* CategoryView.swift in Sources */ = {isa = PBXBuildFile; fileRef = 058403B829882E16002272B1 /* CategoryView.swift */; };
		058403BC29882EF7002272B1 /* EditCategoryViewController.swift in Sources */ = {isa = PBXBuildFile; fileRef = 058403BB29882EF7002272B1 /* EditCategoryViewController.swift */; };
		058403BE29882F05002272B1 /* EditCategoryView.swift in Sources */ = {isa = PBXBuildFile; fileRef = 058403BD29882F05002272B1 /* EditCategoryView.swift */; };
		0589C912298A4DDE00C29144 /* ChangeCategoryModel.swift in Sources */ = {isa = PBXBuildFile; fileRef = 0589C911298A4DDD00C29144 /* ChangeCategoryModel.swift */; };
		0589C914298A4F5500C29144 /* ChangeCategoryRequest.swift in Sources */ = {isa = PBXBuildFile; fileRef = 0589C913298A4F5500C29144 /* ChangeCategoryRequest.swift */; };
		0589C919298BED5D00C29144 /* MatchingService.swift in Sources */ = {isa = PBXBuildFile; fileRef = 0589C918298BED5D00C29144 /* MatchingService.swift */; };
		0589C91E298BED8C00C29144 /* MatchingListModel.swift in Sources */ = {isa = PBXBuildFile; fileRef = 0589C91D298BED8C00C29144 /* MatchingListModel.swift */; };
		0589C920298C0B8600C29144 /* SpecificUserModel.swift in Sources */ = {isa = PBXBuildFile; fileRef = 0589C91F298C0B8600C29144 /* SpecificUserModel.swift */; };
		0589C922298C3CAE00C29144 /* LoadingView.swift in Sources */ = {isa = PBXBuildFile; fileRef = 0589C921298C3CAE00C29144 /* LoadingView.swift */; };
		0589C924298E2F7100C29144 /* MatchingAcceptModel.swift in Sources */ = {isa = PBXBuildFile; fileRef = 0589C923298E2F7100C29144 /* MatchingAcceptModel.swift */; };
		0589C926298E2F7B00C29144 /* MatchingRejectModel.swift in Sources */ = {isa = PBXBuildFile; fileRef = 0589C925298E2F7B00C29144 /* MatchingRejectModel.swift */; };
		0589C929298E540A00C29144 /* setOpenChatViewController.swift in Sources */ = {isa = PBXBuildFile; fileRef = 0589C928298E540A00C29144 /* setOpenChatViewController.swift */; };
		059D806D2971540B0062C41A /* EditBodyPriceView.swift in Sources */ = {isa = PBXBuildFile; fileRef = 059D806C2971540B0062C41A /* EditBodyPriceView.swift */; };
		059D80742972B18B0062C41A /* BSImagePicker in Frameworks */ = {isa = PBXBuildFile; productRef = 059D80732972B18B0062C41A /* BSImagePicker */; };
		059D80772972B7C00062C41A /* EditPhotoViewController.swift in Sources */ = {isa = PBXBuildFile; fileRef = 059D80762972B7C00062C41A /* EditPhotoViewController.swift */; };
		059D807A2973270B0062C41A /* emailCheckViewController.swift in Sources */ = {isa = PBXBuildFile; fileRef = 059D80792973270B0062C41A /* emailCheckViewController.swift */; };
		059D807C2973E5500062C41A /* CommunityTableCell.swift in Sources */ = {isa = PBXBuildFile; fileRef = 059D807B2973E5500062C41A /* CommunityTableCell.swift */; };
		059D80802973F3AE0062C41A /* ProfileView.swift in Sources */ = {isa = PBXBuildFile; fileRef = 059D807F2973F3AE0062C41A /* ProfileView.swift */; };
		059D80822973F3BA0062C41A /* NotificationSwitch.swift in Sources */ = {isa = PBXBuildFile; fileRef = 059D80812973F3BA0062C41A /* NotificationSwitch.swift */; };
		059D80842973F3C90062C41A /* BottomView.swift in Sources */ = {isa = PBXBuildFile; fileRef = 059D80832973F3C90062C41A /* BottomView.swift */; };
		059D80862973F3D70062C41A /* BottomBtnView.swift in Sources */ = {isa = PBXBuildFile; fileRef = 059D80852973F3D70062C41A /* BottomBtnView.swift */; };
		059D808E2973F4660062C41A /* SettingViewController.swift in Sources */ = {isa = PBXBuildFile; fileRef = 059D808D2973F4660062C41A /* SettingViewController.swift */; };
		059D80912973F47E0062C41A /* WithdrawViewController.swift in Sources */ = {isa = PBXBuildFile; fileRef = 059D80902973F47E0062C41A /* WithdrawViewController.swift */; };
		059D80932973F4AF0062C41A /* SettingProfileViewController.swift in Sources */ = {isa = PBXBuildFile; fileRef = 059D80922973F4AF0062C41A /* SettingProfileViewController.swift */; };
		059D80952973F4B90062C41A /* TopStackView.swift in Sources */ = {isa = PBXBuildFile; fileRef = 059D80942973F4B90062C41A /* TopStackView.swift */; };
		059D80972973F4C50062C41A /* BottomInfoView.swift in Sources */ = {isa = PBXBuildFile; fileRef = 059D80962973F4C50062C41A /* BottomInfoView.swift */; };
		059D809A2973F4E10062C41A /* SettingUserNameViewController.swift in Sources */ = {isa = PBXBuildFile; fileRef = 059D80992973F4E10062C41A /* SettingUserNameViewController.swift */; };
		059D809C2973F5260062C41A /* UpdateViewController.swift in Sources */ = {isa = PBXBuildFile; fileRef = 059D809B2973F5260062C41A /* UpdateViewController.swift */; };
		059D809E2973F5660062C41A /* SearchViewController.swift in Sources */ = {isa = PBXBuildFile; fileRef = 059D809D2973F5650062C41A /* SearchViewController.swift */; };
		059D80A02973F56F0062C41A /* SearchTVC.swift in Sources */ = {isa = PBXBuildFile; fileRef = 059D809F2973F56F0062C41A /* SearchTVC.swift */; };
		059D80A22973F5970062C41A /* NoticeViewController.swift in Sources */ = {isa = PBXBuildFile; fileRef = 059D80A12973F5970062C41A /* NoticeViewController.swift */; };
		059D80A42973F5AF0062C41A /* ClauseViewController.swift in Sources */ = {isa = PBXBuildFile; fileRef = 059D80A32973F5AF0062C41A /* ClauseViewController.swift */; };
		059D80A7297431A70062C41A /* resetPwViewController.swift in Sources */ = {isa = PBXBuildFile; fileRef = 059D80A6297431A70062C41A /* resetPwViewController.swift */; };
		059D80AE2975570E0062C41A /* UpdateNoticeViewController.swift in Sources */ = {isa = PBXBuildFile; fileRef = 059D80AD2975570E0062C41A /* UpdateNoticeViewController.swift */; };
		059D80B02975571E0062C41A /* PrivacyNoticeViewController.swift in Sources */ = {isa = PBXBuildFile; fileRef = 059D80AF2975571E0062C41A /* PrivacyNoticeViewController.swift */; };
		059D80B22975A05E0062C41A /* NoticeBtnView.swift in Sources */ = {isa = PBXBuildFile; fileRef = 059D80B12975A05E0062C41A /* NoticeBtnView.swift */; };
		059D80B42975A0930062C41A /* NoticeLabelView.swift in Sources */ = {isa = PBXBuildFile; fileRef = 059D80B32975A0930062C41A /* NoticeLabelView.swift */; };
		059D80B72975B5C00062C41A /* RequestResultViewController.swift in Sources */ = {isa = PBXBuildFile; fileRef = 059D80B62975B5C00062C41A /* RequestResultViewController.swift */; };
		059D80B92975B5CE0062C41A /* RequestSheet.swift in Sources */ = {isa = PBXBuildFile; fileRef = 059D80B82975B5CE0062C41A /* RequestSheet.swift */; };
		059D80BC2976AB340062C41A /* IntroduceView.swift in Sources */ = {isa = PBXBuildFile; fileRef = 059D80BB2976AB340062C41A /* IntroduceView.swift */; };
		059D80C12976D0F70062C41A /* AboutServiceView.swift in Sources */ = {isa = PBXBuildFile; fileRef = 059D80C02976D0F70062C41A /* AboutServiceView.swift */; };
		059D80C9297FC7EB0062C41A /* EditPhotoTableCell.swift in Sources */ = {isa = PBXBuildFile; fileRef = 059D80C8297FC7EB0062C41A /* EditPhotoTableCell.swift */; };
		059D80CC297FFBF40062C41A /* UICollectionView+.swift in Sources */ = {isa = PBXBuildFile; fileRef = 059D80CB297FFBF40062C41A /* UICollectionView+.swift */; };
		059D80D1298121BC0062C41A /* Moya in Frameworks */ = {isa = PBXBuildFile; productRef = 059D80D0298121BC0062C41A /* Moya */; };
		05A11DA7296C9ED5008D85A9 /* AppDelegate.swift in Sources */ = {isa = PBXBuildFile; fileRef = 05A11DA6296C9ED5008D85A9 /* AppDelegate.swift */; };
		05A11DA9296C9ED5008D85A9 /* SceneDelegate.swift in Sources */ = {isa = PBXBuildFile; fileRef = 05A11DA8296C9ED5008D85A9 /* SceneDelegate.swift */; };
		05A11DB0296C9ED7008D85A9 /* Assets.xcassets in Resources */ = {isa = PBXBuildFile; fileRef = 05A11DAF296C9ED7008D85A9 /* Assets.xcassets */; };
		05A11DB3296C9ED7008D85A9 /* LaunchScreen.storyboard in Resources */ = {isa = PBXBuildFile; fileRef = 05A11DB1296C9ED7008D85A9 /* LaunchScreen.storyboard */; };
		05A11DBF296C9F8D008D85A9 /* UIColor+.swift in Sources */ = {isa = PBXBuildFile; fileRef = 05A11DBE296C9F8D008D85A9 /* UIColor+.swift */; };
		05A11DC1296C9F99008D85A9 /* UIStackView+.swift in Sources */ = {isa = PBXBuildFile; fileRef = 05A11DC0296C9F99008D85A9 /* UIStackView+.swift */; };
		05A11DC3296C9FA5008D85A9 /* UITextField+.swift in Sources */ = {isa = PBXBuildFile; fileRef = 05A11DC2296C9FA5008D85A9 /* UITextField+.swift */; };
		05A11DC5296C9FBB008D85A9 /* PolicyViewController.swift in Sources */ = {isa = PBXBuildFile; fileRef = 05A11DC4296C9FBB008D85A9 /* PolicyViewController.swift */; };
		05A11DC7296C9FD9008D85A9 /* TrainerCheckViewController.swift in Sources */ = {isa = PBXBuildFile; fileRef = 05A11DC6296C9FD9008D85A9 /* TrainerCheckViewController.swift */; };
		05A11DCA296CA07F008D85A9 /* SnapKit in Frameworks */ = {isa = PBXBuildFile; productRef = 05A11DC9296CA07F008D85A9 /* SnapKit */; };
		05A11DCC296D5FD4008D85A9 /* MakeAccountViewController.swift in Sources */ = {isa = PBXBuildFile; fileRef = 05A11DCB296D5FD4008D85A9 /* MakeAccountViewController.swift */; };
		05A11DCE296D7F26008D85A9 /* GradeTableViewController.swift in Sources */ = {isa = PBXBuildFile; fileRef = 05A11DCD296D7F26008D85A9 /* GradeTableViewController.swift */; };
		05A11DD0296DB5EF008D85A9 /* SignInViewController.swift in Sources */ = {isa = PBXBuildFile; fileRef = 05A11DCF296DB5EF008D85A9 /* SignInViewController.swift */; };
		05A11DD2296DB880008D85A9 /* TabBarController.swift in Sources */ = {isa = PBXBuildFile; fileRef = 05A11DD1296DB880008D85A9 /* TabBarController.swift */; };
		05A11DD9296DBA05008D85A9 /* HomeViewController.swift in Sources */ = {isa = PBXBuildFile; fileRef = 05A11DD8296DBA05008D85A9 /* HomeViewController.swift */; };
		05A11DDB296DBA6E008D85A9 /* CommunityViewController.swift in Sources */ = {isa = PBXBuildFile; fileRef = 05A11DDA296DBA6E008D85A9 /* CommunityViewController.swift */; };
		05A11DDD296DBA84008D85A9 /* MyPageViewController.swift in Sources */ = {isa = PBXBuildFile; fileRef = 05A11DDC296DBA84008D85A9 /* MyPageViewController.swift */; };
		05A11DDF296DBA96008D85A9 /* ChatViewController.swift in Sources */ = {isa = PBXBuildFile; fileRef = 05A11DDE296DBA96008D85A9 /* ChatViewController.swift */; };
		05A11DE3296DE5D0008D85A9 /* TrainerDetailViewController.swift in Sources */ = {isa = PBXBuildFile; fileRef = 05A11DE2296DE5D0008D85A9 /* TrainerDetailViewController.swift */; };
		05A11DE5296DEBF8008D85A9 /* PriceStackView.swift in Sources */ = {isa = PBXBuildFile; fileRef = 05A11DE4296DEBF8008D85A9 /* PriceStackView.swift */; };
		05A11DE7296EBB68008D85A9 /* UIViewController+.swift in Sources */ = {isa = PBXBuildFile; fileRef = 05A11DE6296EBB68008D85A9 /* UIViewController+.swift */; };
		05A11DEA296EE318008D85A9 /* FindPwViewController.swift in Sources */ = {isa = PBXBuildFile; fileRef = 05A11DE9296EE318008D85A9 /* FindPwViewController.swift */; };
		05A11DEE296F1532008D85A9 /* HeadView.swift in Sources */ = {isa = PBXBuildFile; fileRef = 05A11DED296F1532008D85A9 /* HeadView.swift */; };
		05A11DF0296F1541008D85A9 /* BodyPriceView.swift in Sources */ = {isa = PBXBuildFile; fileRef = 05A11DEF296F1541008D85A9 /* BodyPriceView.swift */; };
		05A11DF2296F1550008D85A9 /* BodyIntroView.swift in Sources */ = {isa = PBXBuildFile; fileRef = 05A11DF1296F1550008D85A9 /* BodyIntroView.swift */; };
		05A11DF4296F155B008D85A9 /* BodyIntroAboutServiceView.swift in Sources */ = {isa = PBXBuildFile; fileRef = 05A11DF3296F155B008D85A9 /* BodyIntroAboutServiceView.swift */; };
		05A11DF6296F1565008D85A9 /* BodyReviewView.swift in Sources */ = {isa = PBXBuildFile; fileRef = 05A11DF5296F1565008D85A9 /* BodyReviewView.swift */; };
		05A11DF8296F1570008D85A9 /* PreviewReviewTableCell.swift in Sources */ = {isa = PBXBuildFile; fileRef = 05A11DF7296F1570008D85A9 /* PreviewReviewTableCell.swift */; };
		05A11DFA296F157E008D85A9 /* ReviewModel.swift in Sources */ = {isa = PBXBuildFile; fileRef = 05A11DF9296F157E008D85A9 /* ReviewModel.swift */; };
		05A11DFC296F1589008D85A9 /* BottomPhotoView.swift in Sources */ = {isa = PBXBuildFile; fileRef = 05A11DFB296F1589008D85A9 /* BottomPhotoView.swift */; };
		05A11DFE296F1596008D85A9 /* BookCVC.swift in Sources */ = {isa = PBXBuildFile; fileRef = 05A11DFD296F1596008D85A9 /* BookCVC.swift */; };
		05A11E01296F172F008D85A9 /* Then in Frameworks */ = {isa = PBXBuildFile; productRef = 05A11E00296F172F008D85A9 /* Then */; };
		05A11E03296F17A0008D85A9 /* UIView+.swift in Sources */ = {isa = PBXBuildFile; fileRef = 05A11E02296F17A0008D85A9 /* UIView+.swift */; };
		05A11E06296F1B99008D85A9 /* ReviewTableCell.swift in Sources */ = {isa = PBXBuildFile; fileRef = 05A11E05296F1B99008D85A9 /* ReviewTableCell.swift */; };
		05A11E08296F1BB6008D85A9 /* ReviewViewController.swift in Sources */ = {isa = PBXBuildFile; fileRef = 05A11E07296F1BB6008D85A9 /* ReviewViewController.swift */; };
		05A11E0B29702548008D85A9 /* EditBodyPriceViewController.swift in Sources */ = {isa = PBXBuildFile; fileRef = 05A11E0A29702548008D85A9 /* EditBodyPriceViewController.swift */; };
		05A11E0D29702583008D85A9 /* EditBodyIntroViewController.swift in Sources */ = {isa = PBXBuildFile; fileRef = 05A11E0C29702583008D85A9 /* EditBodyIntroViewController.swift */; };
		05A11E0F297025DB008D85A9 /* EditAboutServiceViewController.swift in Sources */ = {isa = PBXBuildFile; fileRef = 05A11E0E297025DB008D85A9 /* EditAboutServiceViewController.swift */; };
		9181B6E329829980001D9427 /* BaseURL.swift in Sources */ = {isa = PBXBuildFile; fileRef = 9181B6E229829980001D9427 /* BaseURL.swift */; };
/* End PBXBuildFile section */

/* Begin PBXFileReference section */
		058403742982935E002272B1 /* SignServices.swift */ = {isa = PBXFileReference; lastKnownFileType = sourcecode.swift; path = SignServices.swift; sourceTree = "<group>"; };
		0584037629829379002272B1 /* SignInRequest.swift */ = {isa = PBXFileReference; lastKnownFileType = sourcecode.swift; path = SignInRequest.swift; sourceTree = "<group>"; };
		0584037829829387002272B1 /* SignUpRequest.swift */ = {isa = PBXFileReference; lastKnownFileType = sourcecode.swift; path = SignUpRequest.swift; sourceTree = "<group>"; };
		0584037B298293B1002272B1 /* RealmService.swift */ = {isa = PBXFileReference; lastKnownFileType = sourcecode.swift; path = RealmService.swift; sourceTree = "<group>"; };
		0584037D298293C6002272B1 /* Token.swift */ = {isa = PBXFileReference; lastKnownFileType = sourcecode.swift; path = Token.swift; sourceTree = "<group>"; };
		0584037F298293D8002272B1 /* Profile.swift */ = {isa = PBXFileReference; lastKnownFileType = sourcecode.swift; path = Profile.swift; sourceTree = "<group>"; };
		05840381298293E8002272B1 /* CustomNotification.swift */ = {isa = PBXFileReference; lastKnownFileType = sourcecode.swift; path = CustomNotification.swift; sourceTree = "<group>"; };
		05840389298296DE002272B1 /* SignUpModel.swift */ = {isa = PBXFileReference; lastKnownFileType = sourcecode.swift; path = SignUpModel.swift; sourceTree = "<group>"; };
		0584038B298296F4002272B1 /* SignInModel.swift */ = {isa = PBXFileReference; lastKnownFileType = sourcecode.swift; path = SignInModel.swift; sourceTree = "<group>"; };
		0584038E298525A8002272B1 /* ChangeInfoRequest.swift */ = {isa = PBXFileReference; lastKnownFileType = sourcecode.swift; path = ChangeInfoRequest.swift; sourceTree = "<group>"; };
		0584039029853CD5002272B1 /* ChangeInfoModel.swift */ = {isa = PBXFileReference; lastKnownFileType = sourcecode.swift; path = ChangeInfoModel.swift; sourceTree = "<group>"; };
		0584039229854A8C002272B1 /* AddBottomImageRequest.swift */ = {isa = PBXFileReference; lastKnownFileType = sourcecode.swift; path = AddBottomImageRequest.swift; sourceTree = "<group>"; };
		0584039429854BA3002272B1 /* AddBottomImageModel.swift */ = {isa = PBXFileReference; lastKnownFileType = sourcecode.swift; path = AddBottomImageModel.swift; sourceTree = "<group>"; };
		05840396298550E4002272B1 /* EditProfileServices.swift */ = {isa = PBXFileReference; lastKnownFileType = sourcecode.swift; path = EditProfileServices.swift; sourceTree = "<group>"; };
		0584039829857F15002272B1 /* ChangeProfileRequest.swift */ = {isa = PBXFileReference; lastKnownFileType = sourcecode.swift; path = ChangeProfileRequest.swift; sourceTree = "<group>"; };
		0584039A29857F7F002272B1 /* ChangeProfileModel.swift */ = {isa = PBXFileReference; lastKnownFileType = sourcecode.swift; path = ChangeProfileModel.swift; sourceTree = "<group>"; };
		0584039C29858033002272B1 /* ChangeBackgroundRequest.swift */ = {isa = PBXFileReference; lastKnownFileType = sourcecode.swift; path = ChangeBackgroundRequest.swift; sourceTree = "<group>"; };
		0584039E2985805B002272B1 /* ChangeBackgroundModel.swift */ = {isa = PBXFileReference; lastKnownFileType = sourcecode.swift; path = ChangeBackgroundModel.swift; sourceTree = "<group>"; };
		058403A429858937002272B1 /* MyPageModel.swift */ = {isa = PBXFileReference; lastKnownFileType = sourcecode.swift; path = MyPageModel.swift; sourceTree = "<group>"; };
		058403A629858AA9002272B1 /* NoticeModel.swift */ = {isa = PBXFileReference; lastKnownFileType = sourcecode.swift; path = NoticeModel.swift; sourceTree = "<group>"; };
		058403A829858B07002272B1 /* PolicyModel.swift */ = {isa = PBXFileReference; lastKnownFileType = sourcecode.swift; path = PolicyModel.swift; sourceTree = "<group>"; };
		058403AA29858B3A002272B1 /* MyPageServices.swift */ = {isa = PBXFileReference; lastKnownFileType = sourcecode.swift; path = MyPageServices.swift; sourceTree = "<group>"; };
		058403AC2986CB27002272B1 /* String+.swift */ = {isa = PBXFileReference; lastKnownFileType = sourcecode.swift; path = "String+.swift"; sourceTree = "<group>"; };
		058403AE2986CB84002272B1 /* UIImage+.swift */ = {isa = PBXFileReference; lastKnownFileType = sourcecode.swift; path = "UIImage+.swift"; sourceTree = "<group>"; };
		058403B02986CCBB002272B1 /* MyMatchingModel.swift */ = {isa = PBXFileReference; lastKnownFileType = sourcecode.swift; path = MyMatchingModel.swift; sourceTree = "<group>"; };
		058403B22986E73F002272B1 /* GetTrainerInfoModel.swift */ = {isa = PBXFileReference; lastKnownFileType = sourcecode.swift; path = GetTrainerInfoModel.swift; sourceTree = "<group>"; };
		058403B42986F21F002272B1 /* patchLocationModel.swift */ = {isa = PBXFileReference; lastKnownFileType = sourcecode.swift; path = patchLocationModel.swift; sourceTree = "<group>"; };
		058403B62987AB9A002272B1 /* TrainerServices.swift */ = {isa = PBXFileReference; lastKnownFileType = sourcecode.swift; path = TrainerServices.swift; sourceTree = "<group>"; };
		058403B829882E16002272B1 /* CategoryView.swift */ = {isa = PBXFileReference; lastKnownFileType = sourcecode.swift; path = CategoryView.swift; sourceTree = "<group>"; };
		058403BB29882EF7002272B1 /* EditCategoryViewController.swift */ = {isa = PBXFileReference; lastKnownFileType = sourcecode.swift; path = EditCategoryViewController.swift; sourceTree = "<group>"; };
		058403BD29882F05002272B1 /* EditCategoryView.swift */ = {isa = PBXFileReference; lastKnownFileType = sourcecode.swift; path = EditCategoryView.swift; sourceTree = "<group>"; };
		0589C911298A4DDD00C29144 /* ChangeCategoryModel.swift */ = {isa = PBXFileReference; lastKnownFileType = sourcecode.swift; path = ChangeCategoryModel.swift; sourceTree = "<group>"; };
		0589C913298A4F5500C29144 /* ChangeCategoryRequest.swift */ = {isa = PBXFileReference; lastKnownFileType = sourcecode.swift; path = ChangeCategoryRequest.swift; sourceTree = "<group>"; };
		0589C918298BED5D00C29144 /* MatchingService.swift */ = {isa = PBXFileReference; lastKnownFileType = sourcecode.swift; path = MatchingService.swift; sourceTree = "<group>"; };
		0589C91D298BED8C00C29144 /* MatchingListModel.swift */ = {isa = PBXFileReference; lastKnownFileType = sourcecode.swift; path = MatchingListModel.swift; sourceTree = "<group>"; };
		0589C91F298C0B8600C29144 /* SpecificUserModel.swift */ = {isa = PBXFileReference; lastKnownFileType = sourcecode.swift; path = SpecificUserModel.swift; sourceTree = "<group>"; };
		0589C921298C3CAE00C29144 /* LoadingView.swift */ = {isa = PBXFileReference; lastKnownFileType = sourcecode.swift; path = LoadingView.swift; sourceTree = "<group>"; };
		0589C923298E2F7100C29144 /* MatchingAcceptModel.swift */ = {isa = PBXFileReference; lastKnownFileType = sourcecode.swift; path = MatchingAcceptModel.swift; sourceTree = "<group>"; };
		0589C925298E2F7B00C29144 /* MatchingRejectModel.swift */ = {isa = PBXFileReference; lastKnownFileType = sourcecode.swift; path = MatchingRejectModel.swift; sourceTree = "<group>"; };
		0589C928298E540A00C29144 /* setOpenChatViewController.swift */ = {isa = PBXFileReference; lastKnownFileType = sourcecode.swift; path = setOpenChatViewController.swift; sourceTree = "<group>"; };
		059D806C2971540B0062C41A /* EditBodyPriceView.swift */ = {isa = PBXFileReference; lastKnownFileType = sourcecode.swift; path = EditBodyPriceView.swift; sourceTree = "<group>"; };
		059D80762972B7C00062C41A /* EditPhotoViewController.swift */ = {isa = PBXFileReference; lastKnownFileType = sourcecode.swift; path = EditPhotoViewController.swift; sourceTree = "<group>"; };
		059D80792973270B0062C41A /* emailCheckViewController.swift */ = {isa = PBXFileReference; lastKnownFileType = sourcecode.swift; path = emailCheckViewController.swift; sourceTree = "<group>"; };
		059D807B2973E5500062C41A /* CommunityTableCell.swift */ = {isa = PBXFileReference; lastKnownFileType = sourcecode.swift; path = CommunityTableCell.swift; sourceTree = "<group>"; };
		059D807F2973F3AE0062C41A /* ProfileView.swift */ = {isa = PBXFileReference; lastKnownFileType = sourcecode.swift; path = ProfileView.swift; sourceTree = "<group>"; };
		059D80812973F3BA0062C41A /* NotificationSwitch.swift */ = {isa = PBXFileReference; lastKnownFileType = sourcecode.swift; path = NotificationSwitch.swift; sourceTree = "<group>"; };
		059D80832973F3C90062C41A /* BottomView.swift */ = {isa = PBXFileReference; lastKnownFileType = sourcecode.swift; path = BottomView.swift; sourceTree = "<group>"; };
		059D80852973F3D70062C41A /* BottomBtnView.swift */ = {isa = PBXFileReference; lastKnownFileType = sourcecode.swift; path = BottomBtnView.swift; sourceTree = "<group>"; };
		059D808D2973F4660062C41A /* SettingViewController.swift */ = {isa = PBXFileReference; lastKnownFileType = sourcecode.swift; path = SettingViewController.swift; sourceTree = "<group>"; };
		059D80902973F47E0062C41A /* WithdrawViewController.swift */ = {isa = PBXFileReference; lastKnownFileType = sourcecode.swift; path = WithdrawViewController.swift; sourceTree = "<group>"; };
		059D80922973F4AF0062C41A /* SettingProfileViewController.swift */ = {isa = PBXFileReference; lastKnownFileType = sourcecode.swift; path = SettingProfileViewController.swift; sourceTree = "<group>"; };
		059D80942973F4B90062C41A /* TopStackView.swift */ = {isa = PBXFileReference; lastKnownFileType = sourcecode.swift; path = TopStackView.swift; sourceTree = "<group>"; };
		059D80962973F4C50062C41A /* BottomInfoView.swift */ = {isa = PBXFileReference; lastKnownFileType = sourcecode.swift; path = BottomInfoView.swift; sourceTree = "<group>"; };
		059D80992973F4E10062C41A /* SettingUserNameViewController.swift */ = {isa = PBXFileReference; lastKnownFileType = sourcecode.swift; path = SettingUserNameViewController.swift; sourceTree = "<group>"; };
		059D809B2973F5260062C41A /* UpdateViewController.swift */ = {isa = PBXFileReference; lastKnownFileType = sourcecode.swift; path = UpdateViewController.swift; sourceTree = "<group>"; };
		059D809D2973F5650062C41A /* SearchViewController.swift */ = {isa = PBXFileReference; lastKnownFileType = sourcecode.swift; path = SearchViewController.swift; sourceTree = "<group>"; };
		059D809F2973F56F0062C41A /* SearchTVC.swift */ = {isa = PBXFileReference; lastKnownFileType = sourcecode.swift; path = SearchTVC.swift; sourceTree = "<group>"; };
		059D80A12973F5970062C41A /* NoticeViewController.swift */ = {isa = PBXFileReference; lastKnownFileType = sourcecode.swift; path = NoticeViewController.swift; sourceTree = "<group>"; };
		059D80A32973F5AF0062C41A /* ClauseViewController.swift */ = {isa = PBXFileReference; lastKnownFileType = sourcecode.swift; path = ClauseViewController.swift; sourceTree = "<group>"; };
		059D80A6297431A70062C41A /* resetPwViewController.swift */ = {isa = PBXFileReference; lastKnownFileType = sourcecode.swift; path = resetPwViewController.swift; sourceTree = "<group>"; };
		059D80AD2975570E0062C41A /* UpdateNoticeViewController.swift */ = {isa = PBXFileReference; lastKnownFileType = sourcecode.swift; path = UpdateNoticeViewController.swift; sourceTree = "<group>"; };
		059D80AF2975571E0062C41A /* PrivacyNoticeViewController.swift */ = {isa = PBXFileReference; lastKnownFileType = sourcecode.swift; path = PrivacyNoticeViewController.swift; sourceTree = "<group>"; };
		059D80B12975A05E0062C41A /* NoticeBtnView.swift */ = {isa = PBXFileReference; lastKnownFileType = sourcecode.swift; path = NoticeBtnView.swift; sourceTree = "<group>"; };
		059D80B32975A0930062C41A /* NoticeLabelView.swift */ = {isa = PBXFileReference; lastKnownFileType = sourcecode.swift; path = NoticeLabelView.swift; sourceTree = "<group>"; };
		059D80B62975B5C00062C41A /* RequestResultViewController.swift */ = {isa = PBXFileReference; lastKnownFileType = sourcecode.swift; path = RequestResultViewController.swift; sourceTree = "<group>"; };
		059D80B82975B5CE0062C41A /* RequestSheet.swift */ = {isa = PBXFileReference; lastKnownFileType = sourcecode.swift; path = RequestSheet.swift; sourceTree = "<group>"; };
		059D80BB2976AB340062C41A /* IntroduceView.swift */ = {isa = PBXFileReference; lastKnownFileType = sourcecode.swift; path = IntroduceView.swift; sourceTree = "<group>"; };
		059D80C02976D0F70062C41A /* AboutServiceView.swift */ = {isa = PBXFileReference; lastKnownFileType = sourcecode.swift; path = AboutServiceView.swift; sourceTree = "<group>"; };
		059D80C8297FC7EB0062C41A /* EditPhotoTableCell.swift */ = {isa = PBXFileReference; lastKnownFileType = sourcecode.swift; path = EditPhotoTableCell.swift; sourceTree = "<group>"; };
		059D80CB297FFBF40062C41A /* UICollectionView+.swift */ = {isa = PBXFileReference; lastKnownFileType = sourcecode.swift; path = "UICollectionView+.swift"; sourceTree = "<group>"; };
		05A11DA3296C9ED5008D85A9 /* FITI-Trainer-iOS.app */ = {isa = PBXFileReference; explicitFileType = wrapper.application; includeInIndex = 0; path = "FITI-Trainer-iOS.app"; sourceTree = BUILT_PRODUCTS_DIR; };
		05A11DA6296C9ED5008D85A9 /* AppDelegate.swift */ = {isa = PBXFileReference; lastKnownFileType = sourcecode.swift; path = AppDelegate.swift; sourceTree = "<group>"; };
		05A11DA8296C9ED5008D85A9 /* SceneDelegate.swift */ = {isa = PBXFileReference; lastKnownFileType = sourcecode.swift; path = SceneDelegate.swift; sourceTree = "<group>"; };
		05A11DAF296C9ED7008D85A9 /* Assets.xcassets */ = {isa = PBXFileReference; lastKnownFileType = folder.assetcatalog; path = Assets.xcassets; sourceTree = "<group>"; };
		05A11DB2296C9ED7008D85A9 /* Base */ = {isa = PBXFileReference; lastKnownFileType = file.storyboard; name = Base; path = Base.lproj/LaunchScreen.storyboard; sourceTree = "<group>"; };
		05A11DB4296C9ED7008D85A9 /* Info.plist */ = {isa = PBXFileReference; lastKnownFileType = text.plist.xml; path = Info.plist; sourceTree = "<group>"; };
		05A11DBE296C9F8D008D85A9 /* UIColor+.swift */ = {isa = PBXFileReference; lastKnownFileType = sourcecode.swift; path = "UIColor+.swift"; sourceTree = "<group>"; };
		05A11DC0296C9F99008D85A9 /* UIStackView+.swift */ = {isa = PBXFileReference; lastKnownFileType = sourcecode.swift; path = "UIStackView+.swift"; sourceTree = "<group>"; };
		05A11DC2296C9FA5008D85A9 /* UITextField+.swift */ = {isa = PBXFileReference; lastKnownFileType = sourcecode.swift; path = "UITextField+.swift"; sourceTree = "<group>"; };
		05A11DC4296C9FBB008D85A9 /* PolicyViewController.swift */ = {isa = PBXFileReference; lastKnownFileType = sourcecode.swift; path = PolicyViewController.swift; sourceTree = "<group>"; };
		05A11DC6296C9FD9008D85A9 /* TrainerCheckViewController.swift */ = {isa = PBXFileReference; lastKnownFileType = sourcecode.swift; path = TrainerCheckViewController.swift; sourceTree = "<group>"; };
		05A11DCB296D5FD4008D85A9 /* MakeAccountViewController.swift */ = {isa = PBXFileReference; lastKnownFileType = sourcecode.swift; path = MakeAccountViewController.swift; sourceTree = "<group>"; };
		05A11DCD296D7F26008D85A9 /* GradeTableViewController.swift */ = {isa = PBXFileReference; lastKnownFileType = sourcecode.swift; path = GradeTableViewController.swift; sourceTree = "<group>"; };
		05A11DCF296DB5EF008D85A9 /* SignInViewController.swift */ = {isa = PBXFileReference; lastKnownFileType = sourcecode.swift; path = SignInViewController.swift; sourceTree = "<group>"; };
		05A11DD1296DB880008D85A9 /* TabBarController.swift */ = {isa = PBXFileReference; lastKnownFileType = sourcecode.swift; path = TabBarController.swift; sourceTree = "<group>"; };
		05A11DD8296DBA05008D85A9 /* HomeViewController.swift */ = {isa = PBXFileReference; lastKnownFileType = sourcecode.swift; path = HomeViewController.swift; sourceTree = "<group>"; };
		05A11DDA296DBA6E008D85A9 /* CommunityViewController.swift */ = {isa = PBXFileReference; lastKnownFileType = sourcecode.swift; path = CommunityViewController.swift; sourceTree = "<group>"; };
		05A11DDC296DBA84008D85A9 /* MyPageViewController.swift */ = {isa = PBXFileReference; lastKnownFileType = sourcecode.swift; path = MyPageViewController.swift; sourceTree = "<group>"; };
		05A11DDE296DBA96008D85A9 /* ChatViewController.swift */ = {isa = PBXFileReference; lastKnownFileType = sourcecode.swift; path = ChatViewController.swift; sourceTree = "<group>"; };
		05A11DE2296DE5D0008D85A9 /* TrainerDetailViewController.swift */ = {isa = PBXFileReference; lastKnownFileType = sourcecode.swift; path = TrainerDetailViewController.swift; sourceTree = "<group>"; };
		05A11DE4296DEBF8008D85A9 /* PriceStackView.swift */ = {isa = PBXFileReference; lastKnownFileType = sourcecode.swift; path = PriceStackView.swift; sourceTree = "<group>"; };
		05A11DE6296EBB68008D85A9 /* UIViewController+.swift */ = {isa = PBXFileReference; lastKnownFileType = sourcecode.swift; path = "UIViewController+.swift"; sourceTree = "<group>"; };
		05A11DE9296EE318008D85A9 /* FindPwViewController.swift */ = {isa = PBXFileReference; lastKnownFileType = sourcecode.swift; path = FindPwViewController.swift; sourceTree = "<group>"; };
		05A11DED296F1532008D85A9 /* HeadView.swift */ = {isa = PBXFileReference; lastKnownFileType = sourcecode.swift; path = HeadView.swift; sourceTree = "<group>"; };
		05A11DEF296F1541008D85A9 /* BodyPriceView.swift */ = {isa = PBXFileReference; lastKnownFileType = sourcecode.swift; path = BodyPriceView.swift; sourceTree = "<group>"; };
		05A11DF1296F1550008D85A9 /* BodyIntroView.swift */ = {isa = PBXFileReference; lastKnownFileType = sourcecode.swift; path = BodyIntroView.swift; sourceTree = "<group>"; };
		05A11DF3296F155B008D85A9 /* BodyIntroAboutServiceView.swift */ = {isa = PBXFileReference; lastKnownFileType = sourcecode.swift; path = BodyIntroAboutServiceView.swift; sourceTree = "<group>"; };
		05A11DF5296F1565008D85A9 /* BodyReviewView.swift */ = {isa = PBXFileReference; lastKnownFileType = sourcecode.swift; path = BodyReviewView.swift; sourceTree = "<group>"; };
		05A11DF7296F1570008D85A9 /* PreviewReviewTableCell.swift */ = {isa = PBXFileReference; lastKnownFileType = sourcecode.swift; path = PreviewReviewTableCell.swift; sourceTree = "<group>"; };
		05A11DF9296F157E008D85A9 /* ReviewModel.swift */ = {isa = PBXFileReference; lastKnownFileType = sourcecode.swift; path = ReviewModel.swift; sourceTree = "<group>"; };
		05A11DFB296F1589008D85A9 /* BottomPhotoView.swift */ = {isa = PBXFileReference; lastKnownFileType = sourcecode.swift; path = BottomPhotoView.swift; sourceTree = "<group>"; };
		05A11DFD296F1596008D85A9 /* BookCVC.swift */ = {isa = PBXFileReference; lastKnownFileType = sourcecode.swift; path = BookCVC.swift; sourceTree = "<group>"; };
		05A11E02296F17A0008D85A9 /* UIView+.swift */ = {isa = PBXFileReference; lastKnownFileType = sourcecode.swift; path = "UIView+.swift"; sourceTree = "<group>"; };
		05A11E05296F1B99008D85A9 /* ReviewTableCell.swift */ = {isa = PBXFileReference; lastKnownFileType = sourcecode.swift; path = ReviewTableCell.swift; sourceTree = "<group>"; };
		05A11E07296F1BB6008D85A9 /* ReviewViewController.swift */ = {isa = PBXFileReference; lastKnownFileType = sourcecode.swift; path = ReviewViewController.swift; sourceTree = "<group>"; };
		05A11E0A29702548008D85A9 /* EditBodyPriceViewController.swift */ = {isa = PBXFileReference; lastKnownFileType = sourcecode.swift; path = EditBodyPriceViewController.swift; sourceTree = "<group>"; };
		05A11E0C29702583008D85A9 /* EditBodyIntroViewController.swift */ = {isa = PBXFileReference; lastKnownFileType = sourcecode.swift; path = EditBodyIntroViewController.swift; sourceTree = "<group>"; };
		05A11E0E297025DB008D85A9 /* EditAboutServiceViewController.swift */ = {isa = PBXFileReference; lastKnownFileType = sourcecode.swift; path = EditAboutServiceViewController.swift; sourceTree = "<group>"; };
		9181B6E229829980001D9427 /* BaseURL.swift */ = {isa = PBXFileReference; lastKnownFileType = sourcecode.swift; path = BaseURL.swift; sourceTree = "<group>"; };
/* End PBXFileReference section */

/* Begin PBXFrameworksBuildPhase section */
		05A11DA0296C9ED5008D85A9 /* Frameworks */ = {
			isa = PBXFrameworksBuildPhase;
			buildActionMask = 2147483647;
			files = (
				05840387298294BF002272B1 /* RealmSwift in Frameworks */,
				05A11DCA296CA07F008D85A9 /* SnapKit in Frameworks */,
				059D80742972B18B0062C41A /* BSImagePicker in Frameworks */,
				059D80D1298121BC0062C41A /* Moya in Frameworks */,
				05A11E01296F172F008D85A9 /* Then in Frameworks */,
				05840385298294BF002272B1 /* Realm in Frameworks */,
			);
			runOnlyForDeploymentPostprocessing = 0;
		};
/* End PBXFrameworksBuildPhase section */

/* Begin PBXGroup section */
		0584036F29829301002272B1 /* Network */ = {
			isa = PBXGroup;
			children = (
				058403702982931A002272B1 /* Moya */,
			);
			path = Network;
			sourceTree = "<group>";
		};
		058403702982931A002272B1 /* Moya */ = {
			isa = PBXGroup;
			children = (
				9181B6E229829980001D9427 /* BaseURL.swift */,
				05840388298296D4002272B1 /* Model */,
				0584037A2982939C002272B1 /* LocalDB */,
				058403732982933C002272B1 /* SignInAPI */,
				0584038D29852544002272B1 /* TrainerAPI */,
				058403A2298587CA002272B1 /* MyPageAPI */,
				0589C917298BED1D00C29144 /* MatchingAPI */,
			);
			path = Moya;
			sourceTree = "<group>";
		};
		058403732982933C002272B1 /* SignInAPI */ = {
			isa = PBXGroup;
			children = (
				058403742982935E002272B1 /* SignServices.swift */,
				0584037629829379002272B1 /* SignInRequest.swift */,
				0584037829829387002272B1 /* SignUpRequest.swift */,
			);
			path = SignInAPI;
			sourceTree = "<group>";
		};
		0584037A2982939C002272B1 /* LocalDB */ = {
			isa = PBXGroup;
			children = (
				0584037B298293B1002272B1 /* RealmService.swift */,
				0584037D298293C6002272B1 /* Token.swift */,
				0584037F298293D8002272B1 /* Profile.swift */,
				05840381298293E8002272B1 /* CustomNotification.swift */,
			);
			path = LocalDB;
			sourceTree = "<group>";
		};
		05840388298296D4002272B1 /* Model */ = {
			isa = PBXGroup;
			children = (
				0589C91C298BED7400C29144 /* Matching */,
				058403A329858918002272B1 /* MyPage */,
				058403A1298580EF002272B1 /* Trainer */,
				058403A0298580DD002272B1 /* Sign */,
			);
			path = Model;
			sourceTree = "<group>";
		};
		0584038D29852544002272B1 /* TrainerAPI */ = {
			isa = PBXGroup;
			children = (
				0584038E298525A8002272B1 /* ChangeInfoRequest.swift */,
				0584039229854A8C002272B1 /* AddBottomImageRequest.swift */,
				05840396298550E4002272B1 /* EditProfileServices.swift */,
				0584039829857F15002272B1 /* ChangeProfileRequest.swift */,
				0584039C29858033002272B1 /* ChangeBackgroundRequest.swift */,
				058403B62987AB9A002272B1 /* TrainerServices.swift */,
				0589C913298A4F5500C29144 /* ChangeCategoryRequest.swift */,
			);
			path = TrainerAPI;
			sourceTree = "<group>";
		};
		058403A0298580DD002272B1 /* Sign */ = {
			isa = PBXGroup;
			children = (
				05840389298296DE002272B1 /* SignUpModel.swift */,
				0584038B298296F4002272B1 /* SignInModel.swift */,
			);
			path = Sign;
			sourceTree = "<group>";
		};
		058403A1298580EF002272B1 /* Trainer */ = {
			isa = PBXGroup;
			children = (
				0584039029853CD5002272B1 /* ChangeInfoModel.swift */,
				0584039429854BA3002272B1 /* AddBottomImageModel.swift */,
				0584039A29857F7F002272B1 /* ChangeProfileModel.swift */,
				0584039E2985805B002272B1 /* ChangeBackgroundModel.swift */,
				058403B02986CCBB002272B1 /* MyMatchingModel.swift */,
				058403B22986E73F002272B1 /* GetTrainerInfoModel.swift */,
				0589C911298A4DDD00C29144 /* ChangeCategoryModel.swift */,
			);
			path = Trainer;
			sourceTree = "<group>";
		};
		058403A2298587CA002272B1 /* MyPageAPI */ = {
			isa = PBXGroup;
			children = (
				058403AA29858B3A002272B1 /* MyPageServices.swift */,
			);
			path = MyPageAPI;
			sourceTree = "<group>";
		};
		058403A329858918002272B1 /* MyPage */ = {
			isa = PBXGroup;
			children = (
				058403A429858937002272B1 /* MyPageModel.swift */,
				058403A629858AA9002272B1 /* NoticeModel.swift */,
				058403A829858B07002272B1 /* PolicyModel.swift */,
				058403B42986F21F002272B1 /* patchLocationModel.swift */,
			);
			path = MyPage;
			sourceTree = "<group>";
		};
		058403BA29882ED9002272B1 /* EditCategory */ = {
			isa = PBXGroup;
			children = (
				058403BB29882EF7002272B1 /* EditCategoryViewController.swift */,
				058403BD29882F05002272B1 /* EditCategoryView.swift */,
			);
			path = EditCategory;
			sourceTree = "<group>";
		};
		0589C917298BED1D00C29144 /* MatchingAPI */ = {
			isa = PBXGroup;
			children = (
				0589C918298BED5D00C29144 /* MatchingService.swift */,
			);
			path = MatchingAPI;
			sourceTree = "<group>";
		};
		0589C91C298BED7400C29144 /* Matching */ = {
			isa = PBXGroup;
			children = (
				0589C91D298BED8C00C29144 /* MatchingListModel.swift */,
				0589C91F298C0B8600C29144 /* SpecificUserModel.swift */,
				0589C923298E2F7100C29144 /* MatchingAcceptModel.swift */,
				0589C925298E2F7B00C29144 /* MatchingRejectModel.swift */,
			);
			path = Matching;
			sourceTree = "<group>";
		};
		0589C927298E53A300C29144 /* OpenChat */ = {
			isa = PBXGroup;
			children = (
				0589C928298E540A00C29144 /* setOpenChatViewController.swift */,
			);
			path = OpenChat;
			sourceTree = "<group>";
		};
		059D806B297153E60062C41A /* EditBodyPrice */ = {
			isa = PBXGroup;
			children = (
				05A11E0A29702548008D85A9 /* EditBodyPriceViewController.swift */,
				059D806C2971540B0062C41A /* EditBodyPriceView.swift */,
			);
			path = EditBodyPrice;
			sourceTree = "<group>";
		};
		059D80752972B7820062C41A /* BottomPhoto */ = {
			isa = PBXGroup;
			children = (
				05A11DFD296F1596008D85A9 /* BookCVC.swift */,
				05A11DFB296F1589008D85A9 /* BottomPhotoView.swift */,
			);
			path = BottomPhoto;
			sourceTree = "<group>";
		};
		059D8078297326F00062C41A /* TrainerCheck */ = {
			isa = PBXGroup;
			children = (
				05A11DC6296C9FD9008D85A9 /* TrainerCheckViewController.swift */,
				059D80792973270B0062C41A /* emailCheckViewController.swift */,
			);
			path = TrainerCheck;
			sourceTree = "<group>";
		};
		059D807D2973F34C0062C41A /* View */ = {
			isa = PBXGroup;
			children = (
				059D807F2973F3AE0062C41A /* ProfileView.swift */,
				059D80812973F3BA0062C41A /* NotificationSwitch.swift */,
				059D80832973F3C90062C41A /* BottomView.swift */,
				059D80852973F3D70062C41A /* BottomBtnView.swift */,
			);
			path = View;
			sourceTree = "<group>";
		};
		059D807E2973F3580062C41A /* DetailView */ = {
			isa = PBXGroup;
			children = (
				0589C927298E53A300C29144 /* OpenChat */,
				059D80872973F4130062C41A /* Setting */,
				059D80882973F4180062C41A /* SettingProfile */,
				059D808B2973F4430062C41A /* Location */,
				059D80A529742AF20062C41A /* resetPw */,
				059D808C2973F44A0062C41A /* Update */,
				059D808A2973F43B0062C41A /* Notice */,
				059D80892973F42B0062C41A /* Clause */,
			);
			path = DetailView;
			sourceTree = "<group>";
		};
		059D80872973F4130062C41A /* Setting */ = {
			isa = PBXGroup;
			children = (
				059D808D2973F4660062C41A /* SettingViewController.swift */,
				059D80902973F47E0062C41A /* WithdrawViewController.swift */,
			);
			path = Setting;
			sourceTree = "<group>";
		};
		059D80882973F4180062C41A /* SettingProfile */ = {
			isa = PBXGroup;
			children = (
				059D80922973F4AF0062C41A /* SettingProfileViewController.swift */,
				059D80942973F4B90062C41A /* TopStackView.swift */,
				059D80962973F4C50062C41A /* BottomInfoView.swift */,
				059D80982973F4CD0062C41A /* SettingUserName */,
			);
			path = SettingProfile;
			sourceTree = "<group>";
		};
		059D80892973F42B0062C41A /* Clause */ = {
			isa = PBXGroup;
			children = (
				059D80A32973F5AF0062C41A /* ClauseViewController.swift */,
			);
			path = Clause;
			sourceTree = "<group>";
		};
		059D808A2973F43B0062C41A /* Notice */ = {
			isa = PBXGroup;
			children = (
				059D80A12973F5970062C41A /* NoticeViewController.swift */,
				059D80B12975A05E0062C41A /* NoticeBtnView.swift */,
				059D80B32975A0930062C41A /* NoticeLabelView.swift */,
				059D80AC297556DB0062C41A /* NoticeDetail */,
			);
			path = Notice;
			sourceTree = "<group>";
		};
		059D808B2973F4430062C41A /* Location */ = {
			isa = PBXGroup;
			children = (
				059D809D2973F5650062C41A /* SearchViewController.swift */,
				059D809F2973F56F0062C41A /* SearchTVC.swift */,
			);
			path = Location;
			sourceTree = "<group>";
		};
		059D808C2973F44A0062C41A /* Update */ = {
			isa = PBXGroup;
			children = (
				059D809B2973F5260062C41A /* UpdateViewController.swift */,
			);
			path = Update;
			sourceTree = "<group>";
		};
		059D80982973F4CD0062C41A /* SettingUserName */ = {
			isa = PBXGroup;
			children = (
				059D80992973F4E10062C41A /* SettingUserNameViewController.swift */,
			);
			path = SettingUserName;
			sourceTree = "<group>";
		};
		059D80A529742AF20062C41A /* resetPw */ = {
			isa = PBXGroup;
			children = (
				059D80A6297431A70062C41A /* resetPwViewController.swift */,
			);
			path = resetPw;
			sourceTree = "<group>";
		};
		059D80AC297556DB0062C41A /* NoticeDetail */ = {
			isa = PBXGroup;
			children = (
				059D80AD2975570E0062C41A /* UpdateNoticeViewController.swift */,
				059D80AF2975571E0062C41A /* PrivacyNoticeViewController.swift */,
			);
			path = NoticeDetail;
			sourceTree = "<group>";
		};
		059D80B52975B5950062C41A /* RequestResult */ = {
			isa = PBXGroup;
			children = (
				059D80B62975B5C00062C41A /* RequestResultViewController.swift */,
				059D80B82975B5CE0062C41A /* RequestSheet.swift */,
			);
			path = RequestResult;
			sourceTree = "<group>";
		};
		059D80BA2976A8A90062C41A /* EditBodyInto */ = {
			isa = PBXGroup;
			children = (
				05A11E0C29702583008D85A9 /* EditBodyIntroViewController.swift */,
				059D80BB2976AB340062C41A /* IntroduceView.swift */,
			);
			path = EditBodyInto;
			sourceTree = "<group>";
		};
		059D80BF2976CCD00062C41A /* EditAboutService */ = {
			isa = PBXGroup;
			children = (
				05A11E0E297025DB008D85A9 /* EditAboutServiceViewController.swift */,
				059D80C02976D0F70062C41A /* AboutServiceView.swift */,
			);
			path = EditAboutService;
			sourceTree = "<group>";
		};
		059D80C229780B950062C41A /* MakeAccount */ = {
			isa = PBXGroup;
			children = (
				05A11DCB296D5FD4008D85A9 /* MakeAccountViewController.swift */,
			);
			path = MakeAccount;
			sourceTree = "<group>";
		};
		059D80C5297BD2920062C41A /* EditPhoto */ = {
			isa = PBXGroup;
			children = (
				059D80762972B7C00062C41A /* EditPhotoViewController.swift */,
				059D80C8297FC7EB0062C41A /* EditPhotoTableCell.swift */,
			);
			path = EditPhoto;
			sourceTree = "<group>";
		};
		05A11D9A296C9ED5008D85A9 = {
			isa = PBXGroup;
			children = (
				05A11DA5296C9ED5008D85A9 /* FITI-Trainer-iOS */,
				05A11DA4296C9ED5008D85A9 /* Products */,
			);
			sourceTree = "<group>";
		};
		05A11DA4296C9ED5008D85A9 /* Products */ = {
			isa = PBXGroup;
			children = (
				05A11DA3296C9ED5008D85A9 /* FITI-Trainer-iOS.app */,
			);
			name = Products;
			sourceTree = "<group>";
		};
		05A11DA5296C9ED5008D85A9 /* FITI-Trainer-iOS */ = {
			isa = PBXGroup;
			children = (
				0584036F29829301002272B1 /* Network */,
				05A11DBD296C9F7B008D85A9 /* Main */,
				05A11DBC296C9F69008D85A9 /* SignUp */,
				05A11DBB296C9F5F008D85A9 /* SignIn */,
				05A11DBA296C9F56008D85A9 /* Extension */,
				05A11DA6296C9ED5008D85A9 /* AppDelegate.swift */,
				05A11DA8296C9ED5008D85A9 /* SceneDelegate.swift */,
				05A11DCD296D7F26008D85A9 /* GradeTableViewController.swift */,
				05A11DAF296C9ED7008D85A9 /* Assets.xcassets */,
				05A11DB1296C9ED7008D85A9 /* LaunchScreen.storyboard */,
				05A11DB4296C9ED7008D85A9 /* Info.plist */,
			);
			path = "FITI-Trainer-iOS";
			sourceTree = "<group>";
		};
		05A11DBA296C9F56008D85A9 /* Extension */ = {
			isa = PBXGroup;
			children = (
				05A11DBE296C9F8D008D85A9 /* UIColor+.swift */,
				05A11DC0296C9F99008D85A9 /* UIStackView+.swift */,
				05A11DC2296C9FA5008D85A9 /* UITextField+.swift */,
				05A11DE6296EBB68008D85A9 /* UIViewController+.swift */,
				05A11E02296F17A0008D85A9 /* UIView+.swift */,
				059D80CB297FFBF40062C41A /* UICollectionView+.swift */,
				058403AC2986CB27002272B1 /* String+.swift */,
				058403AE2986CB84002272B1 /* UIImage+.swift */,
				0589C921298C3CAE00C29144 /* LoadingView.swift */,
			);
			path = Extension;
			sourceTree = "<group>";
		};
		05A11DBB296C9F5F008D85A9 /* SignIn */ = {
			isa = PBXGroup;
			children = (
				05A11DE8296EE2F1008D85A9 /* FindPw */,
				05A11DCF296DB5EF008D85A9 /* SignInViewController.swift */,
			);
			path = SignIn;
			sourceTree = "<group>";
		};
		05A11DBC296C9F69008D85A9 /* SignUp */ = {
			isa = PBXGroup;
			children = (
				05A11DC4296C9FBB008D85A9 /* PolicyViewController.swift */,
				059D8078297326F00062C41A /* TrainerCheck */,
				059D80C229780B950062C41A /* MakeAccount */,
			);
			path = SignUp;
			sourceTree = "<group>";
		};
		05A11DBD296C9F7B008D85A9 /* Main */ = {
			isa = PBXGroup;
			children = (
				05A11DD3296DB884008D85A9 /* Component */,
				05A11DD1296DB880008D85A9 /* TabBarController.swift */,
			);
			path = Main;
			sourceTree = "<group>";
		};
		05A11DD3296DB884008D85A9 /* Component */ = {
			isa = PBXGroup;
			children = (
				05A11DD5296DB930008D85A9 /* Home */,
				05A11DD7296DB941008D85A9 /* Community */,
				05A11DD4296DB928008D85A9 /* Chat */,
				05A11DD6296DB937008D85A9 /* MyPage */,
			);
			path = Component;
			sourceTree = "<group>";
		};
		05A11DD4296DB928008D85A9 /* Chat */ = {
			isa = PBXGroup;
			children = (
				05A11DDE296DBA96008D85A9 /* ChatViewController.swift */,
			);
			path = Chat;
			sourceTree = "<group>";
		};
		05A11DD5296DB930008D85A9 /* Home */ = {
			isa = PBXGroup;
			children = (
				05A11DEB296F1500008D85A9 /* TrainerDetail */,
				05A11DD8296DBA05008D85A9 /* HomeViewController.swift */,
				05A11DE4296DEBF8008D85A9 /* PriceStackView.swift */,
			);
			path = Home;
			sourceTree = "<group>";
		};
		05A11DD6296DB937008D85A9 /* MyPage */ = {
			isa = PBXGroup;
			children = (
				05A11DDC296DBA84008D85A9 /* MyPageViewController.swift */,
				059D807D2973F34C0062C41A /* View */,
				059D807E2973F3580062C41A /* DetailView */,
			);
			path = MyPage;
			sourceTree = "<group>";
		};
		05A11DD7296DB941008D85A9 /* Community */ = {
			isa = PBXGroup;
			children = (
				05A11DDA296DBA6E008D85A9 /* CommunityViewController.swift */,
				059D807B2973E5500062C41A /* CommunityTableCell.swift */,
				059D80B52975B5950062C41A /* RequestResult */,
			);
			path = Community;
			sourceTree = "<group>";
		};
		05A11DE8296EE2F1008D85A9 /* FindPw */ = {
			isa = PBXGroup;
			children = (
				05A11DE9296EE318008D85A9 /* FindPwViewController.swift */,
			);
			path = FindPw;
			sourceTree = "<group>";
		};
		05A11DEB296F1500008D85A9 /* TrainerDetail */ = {
			isa = PBXGroup;
			children = (
				05A11E0929702417008D85A9 /* EditContent */,
				05A11E04296F1B81008D85A9 /* Review */,
				05A11DEC296F151B008D85A9 /* View */,
				05A11DE2296DE5D0008D85A9 /* TrainerDetailViewController.swift */,
			);
			path = TrainerDetail;
			sourceTree = "<group>";
		};
		05A11DEC296F151B008D85A9 /* View */ = {
			isa = PBXGroup;
			children = (
				05A11DED296F1532008D85A9 /* HeadView.swift */,
				058403B829882E16002272B1 /* CategoryView.swift */,
				05A11DEF296F1541008D85A9 /* BodyPriceView.swift */,
				05A11DF1296F1550008D85A9 /* BodyIntroView.swift */,
				05A11DF3296F155B008D85A9 /* BodyIntroAboutServiceView.swift */,
				05A11DF5296F1565008D85A9 /* BodyReviewView.swift */,
				05A11DF7296F1570008D85A9 /* PreviewReviewTableCell.swift */,
				05A11DF9296F157E008D85A9 /* ReviewModel.swift */,
				059D80752972B7820062C41A /* BottomPhoto */,
			);
			path = View;
			sourceTree = "<group>";
		};
		05A11E04296F1B81008D85A9 /* Review */ = {
			isa = PBXGroup;
			children = (
				05A11E05296F1B99008D85A9 /* ReviewTableCell.swift */,
				05A11E07296F1BB6008D85A9 /* ReviewViewController.swift */,
			);
			path = Review;
			sourceTree = "<group>";
		};
		05A11E0929702417008D85A9 /* EditContent */ = {
			isa = PBXGroup;
			children = (
				058403BA29882ED9002272B1 /* EditCategory */,
				059D806B297153E60062C41A /* EditBodyPrice */,
				059D80BA2976A8A90062C41A /* EditBodyInto */,
				059D80BF2976CCD00062C41A /* EditAboutService */,
				059D80C5297BD2920062C41A /* EditPhoto */,
			);
			path = EditContent;
			sourceTree = "<group>";
		};
/* End PBXGroup section */

/* Begin PBXNativeTarget section */
		05A11DA2296C9ED5008D85A9 /* FITI-Trainer-iOS */ = {
			isa = PBXNativeTarget;
			buildConfigurationList = 05A11DB7296C9ED7008D85A9 /* Build configuration list for PBXNativeTarget "FITI-Trainer-iOS" */;
			buildPhases = (
				05A11D9F296C9ED5008D85A9 /* Sources */,
				05A11DA0296C9ED5008D85A9 /* Frameworks */,
				05A11DA1296C9ED5008D85A9 /* Resources */,
			);
			buildRules = (
			);
			dependencies = (
			);
			name = "FITI-Trainer-iOS";
			packageProductDependencies = (
				05A11DC9296CA07F008D85A9 /* SnapKit */,
				05A11E00296F172F008D85A9 /* Then */,
				059D80732972B18B0062C41A /* BSImagePicker */,
				059D80D0298121BC0062C41A /* Moya */,
				05840384298294BF002272B1 /* Realm */,
				05840386298294BF002272B1 /* RealmSwift */,
			);
			productName = "FITI-Trainer-iOS";
			productReference = 05A11DA3296C9ED5008D85A9 /* FITI-Trainer-iOS.app */;
			productType = "com.apple.product-type.application";
		};
/* End PBXNativeTarget section */

/* Begin PBXProject section */
		05A11D9B296C9ED5008D85A9 /* Project object */ = {
			isa = PBXProject;
			attributes = {
				BuildIndependentTargetsInParallel = 1;
				LastSwiftUpdateCheck = 1420;
				LastUpgradeCheck = 1420;
				TargetAttributes = {
					05A11DA2296C9ED5008D85A9 = {
						CreatedOnToolsVersion = 14.2;
					};
				};
			};
			buildConfigurationList = 05A11D9E296C9ED5008D85A9 /* Build configuration list for PBXProject "FITI-Trainer-iOS" */;
			compatibilityVersion = "Xcode 14.0";
			developmentRegion = en;
			hasScannedForEncodings = 0;
			knownRegions = (
				en,
				Base,
			);
			mainGroup = 05A11D9A296C9ED5008D85A9;
			packageReferences = (
				05A11DC8296CA07F008D85A9 /* XCRemoteSwiftPackageReference "SnapKit" */,
				05A11DFF296F172F008D85A9 /* XCRemoteSwiftPackageReference "Then" */,
				059D80722972B18B0062C41A /* XCRemoteSwiftPackageReference "BSImagePicker" */,
				059D80CF298121BC0062C41A /* XCRemoteSwiftPackageReference "Moya" */,
				05840383298294BF002272B1 /* XCRemoteSwiftPackageReference "realm-swift" */,
			);
			productRefGroup = 05A11DA4296C9ED5008D85A9 /* Products */;
			projectDirPath = "";
			projectRoot = "";
			targets = (
				05A11DA2296C9ED5008D85A9 /* FITI-Trainer-iOS */,
			);
		};
/* End PBXProject section */

/* Begin PBXResourcesBuildPhase section */
		05A11DA1296C9ED5008D85A9 /* Resources */ = {
			isa = PBXResourcesBuildPhase;
			buildActionMask = 2147483647;
			files = (
				05A11DB3296C9ED7008D85A9 /* LaunchScreen.storyboard in Resources */,
				05A11DB0296C9ED7008D85A9 /* Assets.xcassets in Resources */,
			);
			runOnlyForDeploymentPostprocessing = 0;
		};
/* End PBXResourcesBuildPhase section */

/* Begin PBXSourcesBuildPhase section */
		05A11D9F296C9ED5008D85A9 /* Sources */ = {
			isa = PBXSourcesBuildPhase;
			buildActionMask = 2147483647;
			files = (
				058403BC29882EF7002272B1 /* EditCategoryViewController.swift in Sources */,
				059D806D2971540B0062C41A /* EditBodyPriceView.swift in Sources */,
				0584037E298293C6002272B1 /* Token.swift in Sources */,
				0589C914298A4F5500C29144 /* ChangeCategoryRequest.swift in Sources */,
				059D80802973F3AE0062C41A /* ProfileView.swift in Sources */,
				059D809C2973F5260062C41A /* UpdateViewController.swift in Sources */,
				059D80862973F3D70062C41A /* BottomBtnView.swift in Sources */,
				05A11E06296F1B99008D85A9 /* ReviewTableCell.swift in Sources */,
				05A11DC1296C9F99008D85A9 /* UIStackView+.swift in Sources */,
				0584039129853CD5002272B1 /* ChangeInfoModel.swift in Sources */,
				058403752982935E002272B1 /* SignServices.swift in Sources */,
				059D80BC2976AB340062C41A /* IntroduceView.swift in Sources */,
				0584037729829379002272B1 /* SignInRequest.swift in Sources */,
				9181B6E329829980001D9427 /* BaseURL.swift in Sources */,
				0589C91E298BED8C00C29144 /* MatchingListModel.swift in Sources */,
				059D80952973F4B90062C41A /* TopStackView.swift in Sources */,
				059D80B22975A05E0062C41A /* NoticeBtnView.swift in Sources */,
				058403B929882E16002272B1 /* CategoryView.swift in Sources */,
				058403BE29882F05002272B1 /* EditCategoryView.swift in Sources */,
				0584038C298296F4002272B1 /* SignInModel.swift in Sources */,
				058403B72987AB9A002272B1 /* TrainerServices.swift in Sources */,
				059D808E2973F4660062C41A /* SettingViewController.swift in Sources */,
				059D80822973F3BA0062C41A /* NotificationSwitch.swift in Sources */,
				059D807A2973270B0062C41A /* emailCheckViewController.swift in Sources */,
				058403AD2986CB27002272B1 /* String+.swift in Sources */,
				05A11DCE296D7F26008D85A9 /* GradeTableViewController.swift in Sources */,
				05A11DF8296F1570008D85A9 /* PreviewReviewTableCell.swift in Sources */,
				05A11DFA296F157E008D85A9 /* ReviewModel.swift in Sources */,
				0584039B29857F7F002272B1 /* ChangeProfileModel.swift in Sources */,
				0589C926298E2F7B00C29144 /* MatchingRejectModel.swift in Sources */,
				05A11DD2296DB880008D85A9 /* TabBarController.swift in Sources */,
				05840380298293D8002272B1 /* Profile.swift in Sources */,
				059D80772972B7C00062C41A /* EditPhotoViewController.swift in Sources */,
				0584039D29858033002272B1 /* ChangeBackgroundRequest.swift in Sources */,
				05A11E0B29702548008D85A9 /* EditBodyPriceViewController.swift in Sources */,
				058403A929858B07002272B1 /* PolicyModel.swift in Sources */,
				058403B52986F21F002272B1 /* patchLocationModel.swift in Sources */,
				0584039F2985805B002272B1 /* ChangeBackgroundModel.swift in Sources */,
				059D807C2973E5500062C41A /* CommunityTableCell.swift in Sources */,
				0589C920298C0B8600C29144 /* SpecificUserModel.swift in Sources */,
				059D80B72975B5C00062C41A /* RequestResultViewController.swift in Sources */,
				05A11DC7296C9FD9008D85A9 /* TrainerCheckViewController.swift in Sources */,
				059D80912973F47E0062C41A /* WithdrawViewController.swift in Sources */,
				0584037929829387002272B1 /* SignUpRequest.swift in Sources */,
				059D80A7297431A70062C41A /* resetPwViewController.swift in Sources */,
				0589C924298E2F7100C29144 /* MatchingAcceptModel.swift in Sources */,
				05A11E0F297025DB008D85A9 /* EditAboutServiceViewController.swift in Sources */,
				0584037C298293B1002272B1 /* RealmService.swift in Sources */,
				059D809A2973F4E10062C41A /* SettingUserNameViewController.swift in Sources */,
				05A11DFC296F1589008D85A9 /* BottomPhotoView.swift in Sources */,
				05A11DBF296C9F8D008D85A9 /* UIColor+.swift in Sources */,
				05A11DF4296F155B008D85A9 /* BodyIntroAboutServiceView.swift in Sources */,
				0584039929857F15002272B1 /* ChangeProfileRequest.swift in Sources */,
				05A11DC3296C9FA5008D85A9 /* UITextField+.swift in Sources */,
				059D80B02975571E0062C41A /* PrivacyNoticeViewController.swift in Sources */,
				05A11DCC296D5FD4008D85A9 /* MakeAccountViewController.swift in Sources */,
				058403A529858937002272B1 /* MyPageModel.swift in Sources */,
				058403A729858AA9002272B1 /* NoticeModel.swift in Sources */,
				059D80C9297FC7EB0062C41A /* EditPhotoTableCell.swift in Sources */,
				05A11DEA296EE318008D85A9 /* FindPwViewController.swift in Sources */,
				0584039329854A8C002272B1 /* AddBottomImageRequest.swift in Sources */,
				0584038F298525A8002272B1 /* ChangeInfoRequest.swift in Sources */,
				059D80C12976D0F70062C41A /* AboutServiceView.swift in Sources */,
				058403AF2986CB84002272B1 /* UIImage+.swift in Sources */,
				059D80CC297FFBF40062C41A /* UICollectionView+.swift in Sources */,
				05A11DA7296C9ED5008D85A9 /* AppDelegate.swift in Sources */,
				05A11DF6296F1565008D85A9 /* BodyReviewView.swift in Sources */,
				05A11DA9296C9ED5008D85A9 /* SceneDelegate.swift in Sources */,
				05840382298293E8002272B1 /* CustomNotification.swift in Sources */,
				0589C929298E540A00C29144 /* setOpenChatViewController.swift in Sources */,
				059D80A42973F5AF0062C41A /* ClauseViewController.swift in Sources */,
				05840397298550E4002272B1 /* EditProfileServices.swift in Sources */,
				058403AB29858B3A002272B1 /* MyPageServices.swift in Sources */,
				0589C919298BED5D00C29144 /* MatchingService.swift in Sources */,
				0589C912298A4DDE00C29144 /* ChangeCategoryModel.swift in Sources */,
				059D80932973F4AF0062C41A /* SettingProfileViewController.swift in Sources */,
				05A11DEE296F1532008D85A9 /* HeadView.swift in Sources */,
				05A11DE3296DE5D0008D85A9 /* TrainerDetailViewController.swift in Sources */,
				05A11DDD296DBA84008D85A9 /* MyPageViewController.swift in Sources */,
				059D80A02973F56F0062C41A /* SearchTVC.swift in Sources */,
				05A11DDB296DBA6E008D85A9 /* CommunityViewController.swift in Sources */,
				058403B32986E73F002272B1 /* GetTrainerInfoModel.swift in Sources */,
				05A11DFE296F1596008D85A9 /* BookCVC.swift in Sources */,
				05A11DE5296DEBF8008D85A9 /* PriceStackView.swift in Sources */,
				0584038A298296DE002272B1 /* SignUpModel.swift in Sources */,
				05A11DD0296DB5EF008D85A9 /* SignInViewController.swift in Sources */,
				05A11DF0296F1541008D85A9 /* BodyPriceView.swift in Sources */,
				059D80842973F3C90062C41A /* BottomView.swift in Sources */,
				059D809E2973F5660062C41A /* SearchViewController.swift in Sources */,
				05A11E0D29702583008D85A9 /* EditBodyIntroViewController.swift in Sources */,
				059D80AE2975570E0062C41A /* UpdateNoticeViewController.swift in Sources */,
				05A11DE7296EBB68008D85A9 /* UIViewController+.swift in Sources */,
				0589C922298C3CAE00C29144 /* LoadingView.swift in Sources */,
				059D80B42975A0930062C41A /* NoticeLabelView.swift in Sources */,
				05A11E03296F17A0008D85A9 /* UIView+.swift in Sources */,
				05A11DC5296C9FBB008D85A9 /* PolicyViewController.swift in Sources */,
				059D80A22973F5970062C41A /* NoticeViewController.swift in Sources */,
				05A11DF2296F1550008D85A9 /* BodyIntroView.swift in Sources */,
				059D80B92975B5CE0062C41A /* RequestSheet.swift in Sources */,
				05A11E08296F1BB6008D85A9 /* ReviewViewController.swift in Sources */,
				05A11DDF296DBA96008D85A9 /* ChatViewController.swift in Sources */,
				058403B12986CCBB002272B1 /* MyMatchingModel.swift in Sources */,
				05A11DD9296DBA05008D85A9 /* HomeViewController.swift in Sources */,
				0584039529854BA3002272B1 /* AddBottomImageModel.swift in Sources */,
				059D80972973F4C50062C41A /* BottomInfoView.swift in Sources */,
			);
			runOnlyForDeploymentPostprocessing = 0;
		};
/* End PBXSourcesBuildPhase section */

/* Begin PBXVariantGroup section */
		05A11DB1296C9ED7008D85A9 /* LaunchScreen.storyboard */ = {
			isa = PBXVariantGroup;
			children = (
				05A11DB2296C9ED7008D85A9 /* Base */,
			);
			name = LaunchScreen.storyboard;
			sourceTree = "<group>";
		};
/* End PBXVariantGroup section */

/* Begin XCBuildConfiguration section */
		05A11DB5296C9ED7008D85A9 /* Debug */ = {
			isa = XCBuildConfiguration;
			buildSettings = {
				ALWAYS_SEARCH_USER_PATHS = NO;
				CLANG_ANALYZER_NONNULL = YES;
				CLANG_ANALYZER_NUMBER_OBJECT_CONVERSION = YES_AGGRESSIVE;
				CLANG_CXX_LANGUAGE_STANDARD = "gnu++20";
				CLANG_ENABLE_MODULES = YES;
				CLANG_ENABLE_OBJC_ARC = YES;
				CLANG_ENABLE_OBJC_WEAK = YES;
				CLANG_WARN_BLOCK_CAPTURE_AUTORELEASING = YES;
				CLANG_WARN_BOOL_CONVERSION = YES;
				CLANG_WARN_COMMA = YES;
				CLANG_WARN_CONSTANT_CONVERSION = YES;
				CLANG_WARN_DEPRECATED_OBJC_IMPLEMENTATIONS = YES;
				CLANG_WARN_DIRECT_OBJC_ISA_USAGE = YES_ERROR;
				CLANG_WARN_DOCUMENTATION_COMMENTS = YES;
				CLANG_WARN_EMPTY_BODY = YES;
				CLANG_WARN_ENUM_CONVERSION = YES;
				CLANG_WARN_INFINITE_RECURSION = YES;
				CLANG_WARN_INT_CONVERSION = YES;
				CLANG_WARN_NON_LITERAL_NULL_CONVERSION = YES;
				CLANG_WARN_OBJC_IMPLICIT_RETAIN_SELF = YES;
				CLANG_WARN_OBJC_LITERAL_CONVERSION = YES;
				CLANG_WARN_OBJC_ROOT_CLASS = YES_ERROR;
				CLANG_WARN_QUOTED_INCLUDE_IN_FRAMEWORK_HEADER = YES;
				CLANG_WARN_RANGE_LOOP_ANALYSIS = YES;
				CLANG_WARN_STRICT_PROTOTYPES = YES;
				CLANG_WARN_SUSPICIOUS_MOVE = YES;
				CLANG_WARN_UNGUARDED_AVAILABILITY = YES_AGGRESSIVE;
				CLANG_WARN_UNREACHABLE_CODE = YES;
				CLANG_WARN__DUPLICATE_METHOD_MATCH = YES;
				COPY_PHASE_STRIP = NO;
				DEBUG_INFORMATION_FORMAT = dwarf;
				ENABLE_STRICT_OBJC_MSGSEND = YES;
				ENABLE_TESTABILITY = YES;
				GCC_C_LANGUAGE_STANDARD = gnu11;
				GCC_DYNAMIC_NO_PIC = NO;
				GCC_NO_COMMON_BLOCKS = YES;
				GCC_OPTIMIZATION_LEVEL = 0;
				GCC_PREPROCESSOR_DEFINITIONS = (
					"DEBUG=1",
					"$(inherited)",
				);
				GCC_WARN_64_TO_32_BIT_CONVERSION = YES;
				GCC_WARN_ABOUT_RETURN_TYPE = YES_ERROR;
				GCC_WARN_UNDECLARED_SELECTOR = YES;
				GCC_WARN_UNINITIALIZED_AUTOS = YES_AGGRESSIVE;
				GCC_WARN_UNUSED_FUNCTION = YES;
				GCC_WARN_UNUSED_VARIABLE = YES;
				IPHONEOS_DEPLOYMENT_TARGET = 16.0;
				MTL_ENABLE_DEBUG_INFO = INCLUDE_SOURCE;
				MTL_FAST_MATH = YES;
				ONLY_ACTIVE_ARCH = YES;
				SDKROOT = iphoneos;
				SWIFT_ACTIVE_COMPILATION_CONDITIONS = DEBUG;
				SWIFT_OPTIMIZATION_LEVEL = "-Onone";
			};
			name = Debug;
		};
		05A11DB6296C9ED7008D85A9 /* Release */ = {
			isa = XCBuildConfiguration;
			buildSettings = {
				ALWAYS_SEARCH_USER_PATHS = NO;
				CLANG_ANALYZER_NONNULL = YES;
				CLANG_ANALYZER_NUMBER_OBJECT_CONVERSION = YES_AGGRESSIVE;
				CLANG_CXX_LANGUAGE_STANDARD = "gnu++20";
				CLANG_ENABLE_MODULES = YES;
				CLANG_ENABLE_OBJC_ARC = YES;
				CLANG_ENABLE_OBJC_WEAK = YES;
				CLANG_WARN_BLOCK_CAPTURE_AUTORELEASING = YES;
				CLANG_WARN_BOOL_CONVERSION = YES;
				CLANG_WARN_COMMA = YES;
				CLANG_WARN_CONSTANT_CONVERSION = YES;
				CLANG_WARN_DEPRECATED_OBJC_IMPLEMENTATIONS = YES;
				CLANG_WARN_DIRECT_OBJC_ISA_USAGE = YES_ERROR;
				CLANG_WARN_DOCUMENTATION_COMMENTS = YES;
				CLANG_WARN_EMPTY_BODY = YES;
				CLANG_WARN_ENUM_CONVERSION = YES;
				CLANG_WARN_INFINITE_RECURSION = YES;
				CLANG_WARN_INT_CONVERSION = YES;
				CLANG_WARN_NON_LITERAL_NULL_CONVERSION = YES;
				CLANG_WARN_OBJC_IMPLICIT_RETAIN_SELF = YES;
				CLANG_WARN_OBJC_LITERAL_CONVERSION = YES;
				CLANG_WARN_OBJC_ROOT_CLASS = YES_ERROR;
				CLANG_WARN_QUOTED_INCLUDE_IN_FRAMEWORK_HEADER = YES;
				CLANG_WARN_RANGE_LOOP_ANALYSIS = YES;
				CLANG_WARN_STRICT_PROTOTYPES = YES;
				CLANG_WARN_SUSPICIOUS_MOVE = YES;
				CLANG_WARN_UNGUARDED_AVAILABILITY = YES_AGGRESSIVE;
				CLANG_WARN_UNREACHABLE_CODE = YES;
				CLANG_WARN__DUPLICATE_METHOD_MATCH = YES;
				COPY_PHASE_STRIP = NO;
				DEBUG_INFORMATION_FORMAT = "dwarf-with-dsym";
				ENABLE_NS_ASSERTIONS = NO;
				ENABLE_STRICT_OBJC_MSGSEND = YES;
				GCC_C_LANGUAGE_STANDARD = gnu11;
				GCC_NO_COMMON_BLOCKS = YES;
				GCC_WARN_64_TO_32_BIT_CONVERSION = YES;
				GCC_WARN_ABOUT_RETURN_TYPE = YES_ERROR;
				GCC_WARN_UNDECLARED_SELECTOR = YES;
				GCC_WARN_UNINITIALIZED_AUTOS = YES_AGGRESSIVE;
				GCC_WARN_UNUSED_FUNCTION = YES;
				GCC_WARN_UNUSED_VARIABLE = YES;
				IPHONEOS_DEPLOYMENT_TARGET = 16.0;
				MTL_ENABLE_DEBUG_INFO = NO;
				MTL_FAST_MATH = YES;
				SDKROOT = iphoneos;
				SWIFT_COMPILATION_MODE = wholemodule;
				SWIFT_OPTIMIZATION_LEVEL = "-O";
				VALIDATE_PRODUCT = YES;
			};
			name = Release;
		};
		05A11DB8296C9ED7008D85A9 /* Debug */ = {
			isa = XCBuildConfiguration;
			buildSettings = {
				ASSETCATALOG_COMPILER_APPICON_NAME = AppIcon;
				ASSETCATALOG_COMPILER_GLOBAL_ACCENT_COLOR_NAME = AccentColor;
				CODE_SIGN_STYLE = Automatic;
				CURRENT_PROJECT_VERSION = 1;
				DEVELOPMENT_TEAM = 3DGF5D388H;
				GENERATE_INFOPLIST_FILE = YES;
				INFOPLIST_FILE = "FITI-Trainer-iOS/Info.plist";
				INFOPLIST_KEY_UIApplicationSupportsIndirectInputEvents = YES;
				INFOPLIST_KEY_UILaunchStoryboardName = LaunchScreen;
				INFOPLIST_KEY_UISupportedInterfaceOrientations_iPad = "UIInterfaceOrientationPortrait UIInterfaceOrientationPortraitUpsideDown UIInterfaceOrientationLandscapeLeft UIInterfaceOrientationLandscapeRight";
				INFOPLIST_KEY_UISupportedInterfaceOrientations_iPhone = "UIInterfaceOrientationPortrait UIInterfaceOrientationLandscapeLeft UIInterfaceOrientationLandscapeRight";
				LD_RUNPATH_SEARCH_PATHS = (
					"$(inherited)",
					"@executable_path/Frameworks",
				);
				MARKETING_VERSION = 1.0;
				PRODUCT_BUNDLE_IDENTIFIER = "com.YUNBINN.FITI-Trainer-iOS";
				PRODUCT_NAME = "$(TARGET_NAME)";
				SWIFT_EMIT_LOC_STRINGS = YES;
				SWIFT_VERSION = 5.0;
				TARGETED_DEVICE_FAMILY = "1,2";
			};
			name = Debug;
		};
		05A11DB9296C9ED7008D85A9 /* Release */ = {
			isa = XCBuildConfiguration;
			buildSettings = {
				ASSETCATALOG_COMPILER_APPICON_NAME = AppIcon;
				ASSETCATALOG_COMPILER_GLOBAL_ACCENT_COLOR_NAME = AccentColor;
				CODE_SIGN_STYLE = Automatic;
				CURRENT_PROJECT_VERSION = 1;
				DEVELOPMENT_TEAM = 3DGF5D388H;
				GENERATE_INFOPLIST_FILE = YES;
				INFOPLIST_FILE = "FITI-Trainer-iOS/Info.plist";
				INFOPLIST_KEY_UIApplicationSupportsIndirectInputEvents = YES;
				INFOPLIST_KEY_UILaunchStoryboardName = LaunchScreen;
				INFOPLIST_KEY_UISupportedInterfaceOrientations_iPad = "UIInterfaceOrientationPortrait UIInterfaceOrientationPortraitUpsideDown UIInterfaceOrientationLandscapeLeft UIInterfaceOrientationLandscapeRight";
				INFOPLIST_KEY_UISupportedInterfaceOrientations_iPhone = "UIInterfaceOrientationPortrait UIInterfaceOrientationLandscapeLeft UIInterfaceOrientationLandscapeRight";
				LD_RUNPATH_SEARCH_PATHS = (
					"$(inherited)",
					"@executable_path/Frameworks",
				);
				MARKETING_VERSION = 1.0;
				PRODUCT_BUNDLE_IDENTIFIER = "com.YUNBINN.FITI-Trainer-iOS";
				PRODUCT_NAME = "$(TARGET_NAME)";
				SWIFT_EMIT_LOC_STRINGS = YES;
				SWIFT_VERSION = 5.0;
				TARGETED_DEVICE_FAMILY = "1,2";
			};
			name = Release;
		};
/* End XCBuildConfiguration section */

/* Begin XCConfigurationList section */
		05A11D9E296C9ED5008D85A9 /* Build configuration list for PBXProject "FITI-Trainer-iOS" */ = {
			isa = XCConfigurationList;
			buildConfigurations = (
				05A11DB5296C9ED7008D85A9 /* Debug */,
				05A11DB6296C9ED7008D85A9 /* Release */,
			);
			defaultConfigurationIsVisible = 0;
			defaultConfigurationName = Release;
		};
		05A11DB7296C9ED7008D85A9 /* Build configuration list for PBXNativeTarget "FITI-Trainer-iOS" */ = {
			isa = XCConfigurationList;
			buildConfigurations = (
				05A11DB8296C9ED7008D85A9 /* Debug */,
				05A11DB9296C9ED7008D85A9 /* Release */,
			);
			defaultConfigurationIsVisible = 0;
			defaultConfigurationName = Release;
		};
/* End XCConfigurationList section */

/* Begin XCRemoteSwiftPackageReference section */
		05840383298294BF002272B1 /* XCRemoteSwiftPackageReference "realm-swift" */ = {
			isa = XCRemoteSwiftPackageReference;
			repositoryURL = "https://github.com/realm/realm-swift";
			requirement = {
				branch = master;
				kind = branch;
			};
		};
		059D80722972B18B0062C41A /* XCRemoteSwiftPackageReference "BSImagePicker" */ = {
			isa = XCRemoteSwiftPackageReference;
			repositoryURL = "https://github.com/mikaoj/BSImagePicker.git";
			requirement = {
				kind = upToNextMajorVersion;
				minimumVersion = 3.0.0;
			};
		};
		059D80CF298121BC0062C41A /* XCRemoteSwiftPackageReference "Moya" */ = {
			isa = XCRemoteSwiftPackageReference;
			repositoryURL = "https://github.com/Moya/Moya.git";
			requirement = {
				branch = master;
				kind = branch;
			};
		};
		05A11DC8296CA07F008D85A9 /* XCRemoteSwiftPackageReference "SnapKit" */ = {
			isa = XCRemoteSwiftPackageReference;
			repositoryURL = "https://github.com/SnapKit/SnapKit.git";
			requirement = {
				branch = develop;
				kind = branch;
			};
		};
		05A11DFF296F172F008D85A9 /* XCRemoteSwiftPackageReference "Then" */ = {
			isa = XCRemoteSwiftPackageReference;
			repositoryURL = "https://github.com/devxoul/Then";
			requirement = {
				branch = master;
				kind = branch;
			};
		};
/* End XCRemoteSwiftPackageReference section */

/* Begin XCSwiftPackageProductDependency section */
		05840384298294BF002272B1 /* Realm */ = {
			isa = XCSwiftPackageProductDependency;
			package = 05840383298294BF002272B1 /* XCRemoteSwiftPackageReference "realm-swift" */;
			productName = Realm;
		};
		05840386298294BF002272B1 /* RealmSwift */ = {
			isa = XCSwiftPackageProductDependency;
			package = 05840383298294BF002272B1 /* XCRemoteSwiftPackageReference "realm-swift" */;
			productName = RealmSwift;
		};
		059D80732972B18B0062C41A /* BSImagePicker */ = {
			isa = XCSwiftPackageProductDependency;
			package = 059D80722972B18B0062C41A /* XCRemoteSwiftPackageReference "BSImagePicker" */;
			productName = BSImagePicker;
		};
		059D80D0298121BC0062C41A /* Moya */ = {
			isa = XCSwiftPackageProductDependency;
			package = 059D80CF298121BC0062C41A /* XCRemoteSwiftPackageReference "Moya" */;
			productName = Moya;
		};
		05A11DC9296CA07F008D85A9 /* SnapKit */ = {
			isa = XCSwiftPackageProductDependency;
			package = 05A11DC8296CA07F008D85A9 /* XCRemoteSwiftPackageReference "SnapKit" */;
			productName = SnapKit;
		};
		05A11E00296F172F008D85A9 /* Then */ = {
			isa = XCSwiftPackageProductDependency;
			package = 05A11DFF296F172F008D85A9 /* XCRemoteSwiftPackageReference "Then" */;
			productName = Then;
		};
/* End XCSwiftPackageProductDependency section */
	};
	rootObject = 05A11D9B296C9ED5008D85A9 /* Project object */;
}
